
Microsoft Visual Studio Solution File, Format Version 12.00
# Visual Studio Version 17
VisualStudioVersion = 17.8.34004.107
MinimumVisualStudioVersion = 10.0.40219.1
Project("{FAE04EC0-301F-11D3-BF4B-00C04F79EFBC}") = "Module08practiceTask01", "Module08practiceTask01\Module08practiceTask01.csproj", "{9A0292B7-24B1-46A6-95BD-9AB75F717A95}"
EndProject
Global
	GlobalSection(SolutionConfigurationPlatforms) = preSolution
		Debug|Any CPU = Debug|Any CPU
		Release|Any CPU = Release|Any CPU
	EndGlobalSection
	GlobalSection(ProjectConfigurationPlatforms) = postSolution
		{9A0292B7-24B1-46A6-95BD-9AB75F717A95}.Debug|Any CPU.ActiveCfg = Debug|Any CPU
		{9A0292B7-24B1-46A6-95BD-9AB75F717A95}.Debug|Any CPU.Build.0 = Debug|Any CPU
		{9A0292B7-24B1-46A6-95BD-9AB75F717A95}.Release|Any CPU.ActiveCfg = Release|Any CPU
		{9A0292B7-24B1-46A6-95BD-9AB75F717A95}.Release|Any CPU.Build.0 = Release|Any CPU
	EndGlobalSection
	GlobalSection(SolutionProperties) = preSolution
		HideSolutionNode = FALSE
	EndGlobalSection
	GlobalSection(ExtensibilityGlobals) = postSolution
		SolutionGuid = {258D5914-1A31-43E1-895A-41E0140B31CE}
	EndGlobalSection
EndGlobal
